# THIS IS AN AUTOGENERATED FILE. DO NOT EDIT THIS FILE DIRECTLY.
# yarn lockfile v1


default-passive-events@^2.0.0:
  version "2.0.0"
  resolved "https://registry.yarnpkg.com/default-passive-events/-/default-passive-events-2.0.0.tgz#79b1aa67becbaab38b718469b5480fef92eda649"
  integrity sha512-eMtt76GpDVngZQ3ocgvRcNCklUMwID1PaNbCNxfpDXuiOXttSh0HzBbda1HU9SIUsDc02vb7g9+3I5tlqe/qMQ==
